// !$*UTF8*$!
{
	archiveVersion = 1;
	classes = {
	};
	objectVersion = 50;
	objects = {

/* Begin PBXBuildFile section */
		0484195D22BC9DD10042D8BE /* InjectionIIIVC.m in Sources */ = {isa = PBXBuildFile; fileRef = 0484195C22BC9DD10042D8BE /* InjectionIIIVC.m */; };
		0484196022BCB2340042D8BE /* BaseVC.m in Sources */ = {isa = PBXBuildFile; fileRef = 0484195F22BCB2340042D8BE /* BaseVC.m */; };
		0484196422BCC20C0042D8BE /* MasonryVC.m in Sources */ = {isa = PBXBuildFile; fileRef = 0484196322BCC20C0042D8BE /* MasonryVC.m */; };
		0484196822BCC8440042D8BE /* UITableViewDemoVC.m in Sources */ = {isa = PBXBuildFile; fileRef = 0484196722BCC8440042D8BE /* UITableViewDemoVC.m */; };
		04FEB84922BC7C780030FD7B /* AppDelegate.m in Sources */ = {isa = PBXBuildFile; fileRef = 04FEB84822BC7C780030FD7B /* AppDelegate.m */; };
		04FEB85122BC7C7A0030FD7B /* Assets.xcassets in Resources */ = {isa = PBXBuildFile; fileRef = 04FEB85022BC7C7A0030FD7B /* Assets.xcassets */; };
		04FEB85422BC7C7A0030FD7B /* LaunchScreen.storyboard in Resources */ = {isa = PBXBuildFile; fileRef = 04FEB85222BC7C7A0030FD7B /* LaunchScreen.storyboard */; };
		04FEB85722BC7C7A0030FD7B /* main.m in Sources */ = {isa = PBXBuildFile; fileRef = 04FEB85622BC7C7A0030FD7B /* main.m */; };
		04FEB86122BC7C7A0030FD7B /* LaboratoryTests.m in Sources */ = {isa = PBXBuildFile; fileRef = 04FEB86022BC7C7A0030FD7B /* LaboratoryTests.m */; };
		04FEB86C22BC7C7A0030FD7B /* LaboratoryUITests.m in Sources */ = {isa = PBXBuildFile; fileRef = 04FEB86B22BC7C7A0030FD7B /* LaboratoryUITests.m */; };
		04FEB87E22BC87F10030FD7B /* MainTabBarVC.m in Sources */ = {isa = PBXBuildFile; fileRef = 04FEB87D22BC87F10030FD7B /* MainTabBarVC.m */; };
		04FEB88422BC8BEA0030FD7B /* OneVC.m in Sources */ = {isa = PBXBuildFile; fileRef = 04FEB88322BC8BEA0030FD7B /* OneVC.m */; };
		04FEB88822BC8DCD0030FD7B /* BaseTableVC.m in Sources */ = {isa = PBXBuildFile; fileRef = 04FEB88722BC8DCD0030FD7B /* BaseTableVC.m */; };
		04FEB88D22BC902E0030FD7B /* UISwitchVC.m in Sources */ = {isa = PBXBuildFile; fileRef = 04FEB88B22BC902E0030FD7B /* UISwitchVC.m */; };
		9D2E4AA622C236E100DEB898 /* RuntimeObject.m in Sources */ = {isa = PBXBuildFile; fileRef = 9D2E4AA422C236E100DEB898 /* RuntimeObject.m */; };
		9D7F430F22C619DC007D9860 /* MasonryPriorityVC.m in Sources */ = {isa = PBXBuildFile; fileRef = 9D7F430E22C619DC007D9860 /* MasonryPriorityVC.m */; };
		9D9890FE22C32BCC00CC595C /* NSTimer+FXW.m in Sources */ = {isa = PBXBuildFile; fileRef = 9D9890FD22C32BCC00CC595C /* NSTimer+FXW.m */; };
		9D98910622C3313B00CC595C /* TimerCircleVC.m in Sources */ = {isa = PBXBuildFile; fileRef = 9D98910522C3313B00CC595C /* TimerCircleVC.m */; };
		9D98910B22C3AE3B00CC595C /* MSVC.m in Sources */ = {isa = PBXBuildFile; fileRef = 9D98910A22C3AE3B00CC595C /* MSVC.m */; };
		9DA1EC1822C122D900F01F31 /* KVODemoVC.m in Sources */ = {isa = PBXBuildFile; fileRef = 9DA1EC1722C122D900F01F31 /* KVODemoVC.m */; };
		9DA1EC1D22C122E800F01F31 /* MObject.m in Sources */ = {isa = PBXBuildFile; fileRef = 9DA1EC1922C122E700F01F31 /* MObject.m */; };
		9DA1EC1E22C122E800F01F31 /* MObserver.m in Sources */ = {isa = PBXBuildFile; fileRef = 9DA1EC1B22C122E700F01F31 /* MObserver.m */; };
		9DB05D1522C5147900D1B574 /* AlgorithmVC.m in Sources */ = {isa = PBXBuildFile; fileRef = 9DB05D1422C5147900D1B574 /* AlgorithmVC.m */; };
		9DB05D1822C5164C00D1B574 /* CharReverse.m in Sources */ = {isa = PBXBuildFile; fileRef = 9DB05D1722C5164C00D1B574 /* CharReverse.m */; };
		9DB05D1B22C51B1700D1B574 /* ReverseList.m in Sources */ = {isa = PBXBuildFile; fileRef = 9DB05D1A22C51B1700D1B574 /* ReverseList.m */; };
		9DBE576122BE2A5600B68329 /* CLanguageBaseContentVC.mm in Sources */ = {isa = PBXBuildFile; fileRef = 9DBE576022BE2A5600B68329 /* CLanguageBaseContentVC.mm */; };
		9DC4C29A22BF63FF00C4D35F /* RuntimeMKWVC.m in Sources */ = {isa = PBXBuildFile; fileRef = 9DC4C29922BF63FF00C4D35F /* RuntimeMKWVC.m */; };
		9DC4C29C22BF9D7300C4D35F /* README in Resources */ = {isa = PBXBuildFile; fileRef = 9DC4C29B22BF9D7300C4D35F /* README */; };
		9DF4379522BFD81A00F6459B /* TwoVC.m in Sources */ = {isa = PBXBuildFile; fileRef = 9DF4379422BFD81A00F6459B /* TwoVC.m */; };
		9DF4379A22BFE12B00F6459B /* IndexedBarVC.m in Sources */ = {isa = PBXBuildFile; fileRef = 9DF4379922BFE12B00F6459B /* IndexedBarVC.m */; };
		9DF4379F22BFE1DE00F6459B /* ViewReusePool.m in Sources */ = {isa = PBXBuildFile; fileRef = 9DF4379B22BFE1DD00F6459B /* ViewReusePool.m */; };
		9DF437A022BFE1DE00F6459B /* IndexedTableView.m in Sources */ = {isa = PBXBuildFile; fileRef = 9DF4379C22BFE1DD00F6459B /* IndexedTableView.m */; };
		B127C3F31FA8173601E49509 /* libPods-Laboratory.a in Frameworks */ = {isa = PBXBuildFile; fileRef = 14C54E56697E211488FC32F2 /* libPods-Laboratory.a */; };
/* End PBXBuildFile section */

/* Begin PBXContainerItemProxy section */
		04FEB85D22BC7C7A0030FD7B /* PBXContainerItemProxy */ = {
			isa = PBXContainerItemProxy;
			containerPortal = 04FEB83C22BC7C780030FD7B /* Project object */;
			proxyType = 1;
			remoteGlobalIDString = 04FEB84322BC7C780030FD7B;
			remoteInfo = Laboratory;
		};
		04FEB86822BC7C7A0030FD7B /* PBXContainerItemProxy */ = {
			isa = PBXContainerItemProxy;
			containerPortal = 04FEB83C22BC7C780030FD7B /* Project object */;
			proxyType = 1;
			remoteGlobalIDString = 04FEB84322BC7C780030FD7B;
			remoteInfo = Laboratory;
		};
/* End PBXContainerItemProxy section */

/* Begin PBXFileReference section */
		0484195B22BC9DD10042D8BE /* InjectionIIIVC.h */ = {isa = PBXFileReference; lastKnownFileType = sourcecode.c.h; path = InjectionIIIVC.h; sourceTree = "<group>"; };
		0484195C22BC9DD10042D8BE /* InjectionIIIVC.m */ = {isa = PBXFileReference; lastKnownFileType = sourcecode.c.objc; path = InjectionIIIVC.m; sourceTree = "<group>"; };
		0484195E22BCB2340042D8BE /* BaseVC.h */ = {isa = PBXFileReference; lastKnownFileType = sourcecode.c.h; path = BaseVC.h; sourceTree = "<group>"; };
		0484195F22BCB2340042D8BE /* BaseVC.m */ = {isa = PBXFileReference; lastKnownFileType = sourcecode.c.objc; path = BaseVC.m; sourceTree = "<group>"; };
		0484196222BCC20C0042D8BE /* MasonryVC.h */ = {isa = PBXFileReference; lastKnownFileType = sourcecode.c.h; path = MasonryVC.h; sourceTree = "<group>"; };
		0484196322BCC20C0042D8BE /* MasonryVC.m */ = {isa = PBXFileReference; lastKnownFileType = sourcecode.c.objc; path = MasonryVC.m; sourceTree = "<group>"; };
		0484196622BCC8440042D8BE /* UITableViewDemoVC.h */ = {isa = PBXFileReference; lastKnownFileType = sourcecode.c.h; path = UITableViewDemoVC.h; sourceTree = "<group>"; };
		0484196722BCC8440042D8BE /* UITableViewDemoVC.m */ = {isa = PBXFileReference; lastKnownFileType = sourcecode.c.objc; path = UITableViewDemoVC.m; sourceTree = "<group>"; };
		04FEB84422BC7C780030FD7B /* Laboratory.app */ = {isa = PBXFileReference; explicitFileType = wrapper.application; includeInIndex = 0; path = Laboratory.app; sourceTree = BUILT_PRODUCTS_DIR; };
		04FEB84722BC7C780030FD7B /* AppDelegate.h */ = {isa = PBXFileReference; lastKnownFileType = sourcecode.c.h; path = AppDelegate.h; sourceTree = "<group>"; };
		04FEB84822BC7C780030FD7B /* AppDelegate.m */ = {isa = PBXFileReference; lastKnownFileType = sourcecode.c.objc; path = AppDelegate.m; sourceTree = "<group>"; };
		04FEB85022BC7C7A0030FD7B /* Assets.xcassets */ = {isa = PBXFileReference; lastKnownFileType = folder.assetcatalog; path = Assets.xcassets; sourceTree = "<group>"; };
		04FEB85322BC7C7A0030FD7B /* Base */ = {isa = PBXFileReference; lastKnownFileType = file.storyboard; name = Base; path = Base.lproj/LaunchScreen.storyboard; sourceTree = "<group>"; };
		04FEB85522BC7C7A0030FD7B /* Info.plist */ = {isa = PBXFileReference; lastKnownFileType = text.plist.xml; path = Info.plist; sourceTree = "<group>"; };
		04FEB85622BC7C7A0030FD7B /* main.m */ = {isa = PBXFileReference; lastKnownFileType = sourcecode.c.objc; path = main.m; sourceTree = "<group>"; };
		04FEB85C22BC7C7A0030FD7B /* LaboratoryTests.xctest */ = {isa = PBXFileReference; explicitFileType = wrapper.cfbundle; includeInIndex = 0; path = LaboratoryTests.xctest; sourceTree = BUILT_PRODUCTS_DIR; };
		04FEB86022BC7C7A0030FD7B /* LaboratoryTests.m */ = {isa = PBXFileReference; lastKnownFileType = sourcecode.c.objc; path = LaboratoryTests.m; sourceTree = "<group>"; };
		04FEB86222BC7C7A0030FD7B /* Info.plist */ = {isa = PBXFileReference; lastKnownFileType = text.plist.xml; path = Info.plist; sourceTree = "<group>"; };
		04FEB86722BC7C7A0030FD7B /* LaboratoryUITests.xctest */ = {isa = PBXFileReference; explicitFileType = wrapper.cfbundle; includeInIndex = 0; path = LaboratoryUITests.xctest; sourceTree = BUILT_PRODUCTS_DIR; };
		04FEB86B22BC7C7A0030FD7B /* LaboratoryUITests.m */ = {isa = PBXFileReference; lastKnownFileType = sourcecode.c.objc; path = LaboratoryUITests.m; sourceTree = "<group>"; };
		04FEB86D22BC7C7A0030FD7B /* Info.plist */ = {isa = PBXFileReference; lastKnownFileType = text.plist.xml; path = Info.plist; sourceTree = "<group>"; };
		04FEB87C22BC87F10030FD7B /* MainTabBarVC.h */ = {isa = PBXFileReference; lastKnownFileType = sourcecode.c.h; path = MainTabBarVC.h; sourceTree = "<group>"; };
		04FEB87D22BC87F10030FD7B /* MainTabBarVC.m */ = {isa = PBXFileReference; lastKnownFileType = sourcecode.c.objc; path = MainTabBarVC.m; sourceTree = "<group>"; };
		04FEB88022BC88C50030FD7B /* FXW_Define.h */ = {isa = PBXFileReference; lastKnownFileType = sourcecode.c.h; path = FXW_Define.h; sourceTree = "<group>"; };
		04FEB88222BC8BEA0030FD7B /* OneVC.h */ = {isa = PBXFileReference; lastKnownFileType = sourcecode.c.h; path = OneVC.h; sourceTree = "<group>"; };
		04FEB88322BC8BEA0030FD7B /* OneVC.m */ = {isa = PBXFileReference; lastKnownFileType = sourcecode.c.objc; path = OneVC.m; sourceTree = "<group>"; };
		04FEB88622BC8DCD0030FD7B /* BaseTableVC.h */ = {isa = PBXFileReference; lastKnownFileType = sourcecode.c.h; path = BaseTableVC.h; sourceTree = "<group>"; };
		04FEB88722BC8DCD0030FD7B /* BaseTableVC.m */ = {isa = PBXFileReference; lastKnownFileType = sourcecode.c.objc; path = BaseTableVC.m; sourceTree = "<group>"; };
		04FEB88A22BC902E0030FD7B /* UISwitchVC.h */ = {isa = PBXFileReference; lastKnownFileType = sourcecode.c.h; path = UISwitchVC.h; sourceTree = "<group>"; };
		04FEB88B22BC902E0030FD7B /* UISwitchVC.m */ = {isa = PBXFileReference; lastKnownFileType = sourcecode.c.objc; path = UISwitchVC.m; sourceTree = "<group>"; };
		04FEB89222BC90D10030FD7B /* PrefixHeader.pch */ = {isa = PBXFileReference; lastKnownFileType = sourcecode.c.h; path = PrefixHeader.pch; sourceTree = "<group>"; };
		14C54E56697E211488FC32F2 /* libPods-Laboratory.a */ = {isa = PBXFileReference; explicitFileType = archive.ar; includeInIndex = 0; path = "libPods-Laboratory.a"; sourceTree = BUILT_PRODUCTS_DIR; };
		712CC02C133EBDCA1F933881 /* Pods-Laboratory.release.xcconfig */ = {isa = PBXFileReference; includeInIndex = 1; lastKnownFileType = text.xcconfig; name = "Pods-Laboratory.release.xcconfig"; path = "Target Support Files/Pods-Laboratory/Pods-Laboratory.release.xcconfig"; sourceTree = "<group>"; };
		9D2E4AA422C236E100DEB898 /* RuntimeObject.m */ = {isa = PBXFileReference; fileEncoding = 4; lastKnownFileType = sourcecode.c.objc; path = RuntimeObject.m; sourceTree = "<group>"; };
		9D2E4AA522C236E100DEB898 /* RuntimeObject.h */ = {isa = PBXFileReference; fileEncoding = 4; lastKnownFileType = sourcecode.c.h; path = RuntimeObject.h; sourceTree = "<group>"; };
		9D7F430D22C619DC007D9860 /* MasonryPriorityVC.h */ = {isa = PBXFileReference; lastKnownFileType = sourcecode.c.h; path = MasonryPriorityVC.h; sourceTree = "<group>"; };
		9D7F430E22C619DC007D9860 /* MasonryPriorityVC.m */ = {isa = PBXFileReference; lastKnownFileType = sourcecode.c.objc; path = MasonryPriorityVC.m; sourceTree = "<group>"; };
		9D9890FC22C32BCC00CC595C /* NSTimer+FXW.h */ = {isa = PBXFileReference; lastKnownFileType = sourcecode.c.h; path = "NSTimer+FXW.h"; sourceTree = "<group>"; };
		9D9890FD22C32BCC00CC595C /* NSTimer+FXW.m */ = {isa = PBXFileReference; lastKnownFileType = sourcecode.c.objc; path = "NSTimer+FXW.m"; sourceTree = "<group>"; };
		9D98910422C3313B00CC595C /* TimerCircleVC.h */ = {isa = PBXFileReference; lastKnownFileType = sourcecode.c.h; path = TimerCircleVC.h; sourceTree = "<group>"; };
		9D98910522C3313B00CC595C /* TimerCircleVC.m */ = {isa = PBXFileReference; lastKnownFileType = sourcecode.c.objc; path = TimerCircleVC.m; sourceTree = "<group>"; };
		9D98910922C3AE3B00CC595C /* MSVC.h */ = {isa = PBXFileReference; lastKnownFileType = sourcecode.c.h; path = MSVC.h; sourceTree = "<group>"; };
		9D98910A22C3AE3B00CC595C /* MSVC.m */ = {isa = PBXFileReference; lastKnownFileType = sourcecode.c.objc; path = MSVC.m; sourceTree = "<group>"; };
		9DA1EC1622C122D900F01F31 /* KVODemoVC.h */ = {isa = PBXFileReference; lastKnownFileType = sourcecode.c.h; path = KVODemoVC.h; sourceTree = "<group>"; };
		9DA1EC1722C122D900F01F31 /* KVODemoVC.m */ = {isa = PBXFileReference; lastKnownFileType = sourcecode.c.objc; path = KVODemoVC.m; sourceTree = "<group>"; };
		9DA1EC1922C122E700F01F31 /* MObject.m */ = {isa = PBXFileReference; fileEncoding = 4; lastKnownFileType = sourcecode.c.objc; path = MObject.m; sourceTree = "<group>"; };
		9DA1EC1A22C122E700F01F31 /* MObserver.h */ = {isa = PBXFileReference; fileEncoding = 4; lastKnownFileType = sourcecode.c.h; path = MObserver.h; sourceTree = "<group>"; };
		9DA1EC1B22C122E700F01F31 /* MObserver.m */ = {isa = PBXFileReference; fileEncoding = 4; lastKnownFileType = sourcecode.c.objc; path = MObserver.m; sourceTree = "<group>"; };
		9DA1EC1C22C122E700F01F31 /* MObject.h */ = {isa = PBXFileReference; fileEncoding = 4; lastKnownFileType = sourcecode.c.h; path = MObject.h; sourceTree = "<group>"; };
		9DB05D1322C5147900D1B574 /* AlgorithmVC.h */ = {isa = PBXFileReference; lastKnownFileType = sourcecode.c.h; path = AlgorithmVC.h; sourceTree = "<group>"; };
		9DB05D1422C5147900D1B574 /* AlgorithmVC.m */ = {isa = PBXFileReference; lastKnownFileType = sourcecode.c.objc; path = AlgorithmVC.m; sourceTree = "<group>"; };
		9DB05D1622C5164C00D1B574 /* CharReverse.h */ = {isa = PBXFileReference; lastKnownFileType = sourcecode.c.h; path = CharReverse.h; sourceTree = "<group>"; };
		9DB05D1722C5164C00D1B574 /* CharReverse.m */ = {isa = PBXFileReference; lastKnownFileType = sourcecode.c.objc; path = CharReverse.m; sourceTree = "<group>"; };
		9DB05D1922C51B1700D1B574 /* ReverseList.h */ = {isa = PBXFileReference; lastKnownFileType = sourcecode.c.h; path = ReverseList.h; sourceTree = "<group>"; };
		9DB05D1A22C51B1700D1B574 /* ReverseList.m */ = {isa = PBXFileReference; lastKnownFileType = sourcecode.c.objc; path = ReverseList.m; sourceTree = "<group>"; };
		9DBE575F22BE2A5600B68329 /* CLanguageBaseContentVC.h */ = {isa = PBXFileReference; lastKnownFileType = sourcecode.c.h; path = CLanguageBaseContentVC.h; sourceTree = "<group>"; };
		9DBE576022BE2A5600B68329 /* CLanguageBaseContentVC.mm */ = {isa = PBXFileReference; lastKnownFileType = sourcecode.cpp.objcpp; path = CLanguageBaseContentVC.mm; sourceTree = "<group>"; };
		9DC4C29822BF63FF00C4D35F /* RuntimeMKWVC.h */ = {isa = PBXFileReference; lastKnownFileType = sourcecode.c.h; path = RuntimeMKWVC.h; sourceTree = "<group>"; };
		9DC4C29922BF63FF00C4D35F /* RuntimeMKWVC.m */ = {isa = PBXFileReference; lastKnownFileType = sourcecode.c.objc; path = RuntimeMKWVC.m; sourceTree = "<group>"; };
		9DC4C29B22BF9D7300C4D35F /* README */ = {isa = PBXFileReference; lastKnownFileType = text; path = README; sourceTree = "<group>"; };
		9DF4379322BFD81A00F6459B /* TwoVC.h */ = {isa = PBXFileReference; lastKnownFileType = sourcecode.c.h; path = TwoVC.h; sourceTree = "<group>"; };
		9DF4379422BFD81A00F6459B /* TwoVC.m */ = {isa = PBXFileReference; lastKnownFileType = sourcecode.c.objc; path = TwoVC.m; sourceTree = "<group>"; };
		9DF4379822BFE12B00F6459B /* IndexedBarVC.h */ = {isa = PBXFileReference; lastKnownFileType = sourcecode.c.h; path = IndexedBarVC.h; sourceTree = "<group>"; };
		9DF4379922BFE12B00F6459B /* IndexedBarVC.m */ = {isa = PBXFileReference; lastKnownFileType = sourcecode.c.objc; path = IndexedBarVC.m; sourceTree = "<group>"; };
		9DF4379B22BFE1DD00F6459B /* ViewReusePool.m */ = {isa = PBXFileReference; fileEncoding = 4; lastKnownFileType = sourcecode.c.objc; path = ViewReusePool.m; sourceTree = "<group>"; };
		9DF4379C22BFE1DD00F6459B /* IndexedTableView.m */ = {isa = PBXFileReference; fileEncoding = 4; lastKnownFileType = sourcecode.c.objc; path = IndexedTableView.m; sourceTree = "<group>"; };
		9DF4379D22BFE1DD00F6459B /* IndexedTableView.h */ = {isa = PBXFileReference; fileEncoding = 4; lastKnownFileType = sourcecode.c.h; path = IndexedTableView.h; sourceTree = "<group>"; };
		9DF4379E22BFE1DD00F6459B /* ViewReusePool.h */ = {isa = PBXFileReference; fileEncoding = 4; lastKnownFileType = sourcecode.c.h; path = ViewReusePool.h; sourceTree = "<group>"; };
		C05A8566ACF6875C00950D1A /* Pods-Laboratory.debug.xcconfig */ = {isa = PBXFileReference; includeInIndex = 1; lastKnownFileType = text.xcconfig; name = "Pods-Laboratory.debug.xcconfig"; path = "Target Support Files/Pods-Laboratory/Pods-Laboratory.debug.xcconfig"; sourceTree = "<group>"; };
/* End PBXFileReference section */

/* Begin PBXFrameworksBuildPhase section */
		04FEB84122BC7C780030FD7B /* Frameworks */ = {
			isa = PBXFrameworksBuildPhase;
			buildActionMask = 2147483647;
			files = (
				B127C3F31FA8173601E49509 /* libPods-Laboratory.a in Frameworks */,
			);
			runOnlyForDeploymentPostprocessing = 0;
		};
		04FEB85922BC7C7A0030FD7B /* Frameworks */ = {
			isa = PBXFrameworksBuildPhase;
			buildActionMask = 2147483647;
			files = (
			);
			runOnlyForDeploymentPostprocessing = 0;
		};
		04FEB86422BC7C7A0030FD7B /* Frameworks */ = {
			isa = PBXFrameworksBuildPhase;
			buildActionMask = 2147483647;
			files = (
			);
			runOnlyForDeploymentPostprocessing = 0;
		};
/* End PBXFrameworksBuildPhase section */

/* Begin PBXGroup section */
		0484195A22BC9DBC0042D8BE /* InjectionIIIDemo */ = {
			isa = PBXGroup;
			children = (
				0484195B22BC9DD10042D8BE /* InjectionIIIVC.h */,
				0484195C22BC9DD10042D8BE /* InjectionIIIVC.m */,
			);
			path = InjectionIIIDemo;
			sourceTree = "<group>";
		};
		0484196122BCC1FF0042D8BE /* MasonryVC */ = {
			isa = PBXGroup;
			children = (
				0484196222BCC20C0042D8BE /* MasonryVC.h */,
				0484196322BCC20C0042D8BE /* MasonryVC.m */,
				9D7F430D22C619DC007D9860 /* MasonryPriorityVC.h */,
				9D7F430E22C619DC007D9860 /* MasonryPriorityVC.m */,
			);
			path = MasonryVC;
			sourceTree = "<group>";
		};
		0484196522BCC8200042D8BE /* UITableView常规操作 */ = {
			isa = PBXGroup;
			children = (
				0484196622BCC8440042D8BE /* UITableViewDemoVC.h */,
				0484196722BCC8440042D8BE /* UITableViewDemoVC.m */,
			);
			path = "UITableView常规操作";
			sourceTree = "<group>";
		};
		04FEB83B22BC7C780030FD7B = {
			isa = PBXGroup;
			children = (
				04FEB84622BC7C780030FD7B /* Laboratory */,
				04FEB85F22BC7C7A0030FD7B /* LaboratoryTests */,
				04FEB86A22BC7C7A0030FD7B /* LaboratoryUITests */,
				04FEB84522BC7C780030FD7B /* Products */,
				8D183D1DEFC08F8871EF5A68 /* Pods */,
				DD889062E845B1544FA841B2 /* Frameworks */,
			);
			sourceTree = "<group>";
		};
		04FEB84522BC7C780030FD7B /* Products */ = {
			isa = PBXGroup;
			children = (
				04FEB84422BC7C780030FD7B /* Laboratory.app */,
				04FEB85C22BC7C7A0030FD7B /* LaboratoryTests.xctest */,
				04FEB86722BC7C7A0030FD7B /* LaboratoryUITests.xctest */,
			);
			name = Products;
			sourceTree = "<group>";
		};
		04FEB84622BC7C780030FD7B /* Laboratory */ = {
			isa = PBXGroup;
			children = (
				04FEB85522BC7C7A0030FD7B /* Info.plist */,
				04FEB87922BC87780030FD7B /* Classes */,
			);
			path = Laboratory;
			sourceTree = "<group>";
		};
		04FEB85F22BC7C7A0030FD7B /* LaboratoryTests */ = {
			isa = PBXGroup;
			children = (
				04FEB86022BC7C7A0030FD7B /* LaboratoryTests.m */,
				04FEB86222BC7C7A0030FD7B /* Info.plist */,
			);
			path = LaboratoryTests;
			sourceTree = "<group>";
		};
		04FEB86A22BC7C7A0030FD7B /* LaboratoryUITests */ = {
			isa = PBXGroup;
			children = (
				04FEB86B22BC7C7A0030FD7B /* LaboratoryUITests.m */,
				04FEB86D22BC7C7A0030FD7B /* Info.plist */,
			);
			path = LaboratoryUITests;
			sourceTree = "<group>";
		};
		04FEB87922BC87780030FD7B /* Classes */ = {
			isa = PBXGroup;
			children = (
				04FEB87F22BC88B00030FD7B /* Utils */,
				04FEB87B22BC87950030FD7B /* Controllers */,
				04FEB87A22BC87800030FD7B /* Other */,
			);
			path = Classes;
			sourceTree = "<group>";
		};
		04FEB87A22BC87800030FD7B /* Other */ = {
			isa = PBXGroup;
			children = (
				04FEB84722BC7C780030FD7B /* AppDelegate.h */,
				04FEB84822BC7C780030FD7B /* AppDelegate.m */,
				04FEB89222BC90D10030FD7B /* PrefixHeader.pch */,
				04FEB85022BC7C7A0030FD7B /* Assets.xcassets */,
				04FEB85222BC7C7A0030FD7B /* LaunchScreen.storyboard */,
				04FEB85622BC7C7A0030FD7B /* main.m */,
				9DC4C29B22BF9D7300C4D35F /* README */,
			);
			path = Other;
			sourceTree = "<group>";
		};
		04FEB87B22BC87950030FD7B /* Controllers */ = {
			isa = PBXGroup;
			children = (
				04FEB88522BC8DAC0030FD7B /* BaseVC */,
				04FEB88122BC8BB30030FD7B /* One */,
				9DF4379222BFD80500F6459B /* Two */,
				04FEB87C22BC87F10030FD7B /* MainTabBarVC.h */,
				04FEB87D22BC87F10030FD7B /* MainTabBarVC.m */,
			);
			path = Controllers;
			sourceTree = "<group>";
		};
		04FEB87F22BC88B00030FD7B /* Utils */ = {
			isa = PBXGroup;
			children = (
				04FEB88022BC88C50030FD7B /* FXW_Define.h */,
				9D9890FB22C32BB700CC595C /* Category */,
			);
			path = Utils;
			sourceTree = "<group>";
		};
		04FEB88122BC8BB30030FD7B /* One */ = {
			isa = PBXGroup;
			children = (
				9DC4C29722BF63E600C4D35F /* Runtime-慕课网 */,
				9DBE575E22BE2A1500B68329 /* C语言基础-Runtime */,
				0484196122BCC1FF0042D8BE /* MasonryVC */,
				0484195A22BC9DBC0042D8BE /* InjectionIIIDemo */,
				0484196522BCC8200042D8BE /* UITableView常规操作 */,
				04FEB88922BC901C0030FD7B /* UISwitchVC */,
				04FEB88222BC8BEA0030FD7B /* OneVC.h */,
				04FEB88322BC8BEA0030FD7B /* OneVC.m */,
			);
			path = One;
			sourceTree = "<group>";
		};
		04FEB88522BC8DAC0030FD7B /* BaseVC */ = {
			isa = PBXGroup;
			children = (
				0484195E22BCB2340042D8BE /* BaseVC.h */,
				0484195F22BCB2340042D8BE /* BaseVC.m */,
				04FEB88622BC8DCD0030FD7B /* BaseTableVC.h */,
				04FEB88722BC8DCD0030FD7B /* BaseTableVC.m */,
			);
			path = BaseVC;
			sourceTree = "<group>";
		};
		04FEB88922BC901C0030FD7B /* UISwitchVC */ = {
			isa = PBXGroup;
			children = (
				04FEB88A22BC902E0030FD7B /* UISwitchVC.h */,
				04FEB88B22BC902E0030FD7B /* UISwitchVC.m */,
			);
			path = UISwitchVC;
			sourceTree = "<group>";
		};
		8D183D1DEFC08F8871EF5A68 /* Pods */ = {
			isa = PBXGroup;
			children = (
				C05A8566ACF6875C00950D1A /* Pods-Laboratory.debug.xcconfig */,
				712CC02C133EBDCA1F933881 /* Pods-Laboratory.release.xcconfig */,
			);
			path = Pods;
			sourceTree = "<group>";
		};
		9D2E4AA322C236C500DEB898 /* Runtime消息转发流程 */ = {
			isa = PBXGroup;
			children = (
				9D2E4AA522C236E100DEB898 /* RuntimeObject.h */,
				9D2E4AA422C236E100DEB898 /* RuntimeObject.m */,
			);
			path = "Runtime消息转发流程";
			sourceTree = "<group>";
		};
		9D9890FB22C32BB700CC595C /* Category */ = {
			isa = PBXGroup;
			children = (
				9D9890FC22C32BCC00CC595C /* NSTimer+FXW.h */,
				9D9890FD22C32BCC00CC595C /* NSTimer+FXW.m */,
			);
			path = Category;
			sourceTree = "<group>";
		};
		9D98910322C330C600CC595C /* Timer循环引用 */ = {
			isa = PBXGroup;
			children = (
				9D98910422C3313B00CC595C /* TimerCircleVC.h */,
				9D98910522C3313B00CC595C /* TimerCircleVC.m */,
			);
			path = "Timer循环引用";
			sourceTree = "<group>";
		};
		9D98910822C3AE2300CC595C /* 多线程 */ = {
			isa = PBXGroup;
			children = (
				9D98910922C3AE3B00CC595C /* MSVC.h */,
				9D98910A22C3AE3B00CC595C /* MSVC.m */,
			);
			path = "多线程";
			sourceTree = "<group>";
		};
		9DA1EC1522C122C700F01F31 /* KVO */ = {
			isa = PBXGroup;
			children = (
				9DA1EC1622C122D900F01F31 /* KVODemoVC.h */,
				9DA1EC1722C122D900F01F31 /* KVODemoVC.m */,
				9DA1EC1C22C122E700F01F31 /* MObject.h */,
				9DA1EC1922C122E700F01F31 /* MObject.m */,
				9DA1EC1A22C122E700F01F31 /* MObserver.h */,
				9DA1EC1B22C122E700F01F31 /* MObserver.m */,
			);
			path = KVO;
			sourceTree = "<group>";
		};
		9DB05D1222C5145B00D1B574 /* 算法 */ = {
			isa = PBXGroup;
			children = (
				9DB05D1322C5147900D1B574 /* AlgorithmVC.h */,
				9DB05D1422C5147900D1B574 /* AlgorithmVC.m */,
				9DB05D1622C5164C00D1B574 /* CharReverse.h */,
				9DB05D1722C5164C00D1B574 /* CharReverse.m */,
				9DB05D1922C51B1700D1B574 /* ReverseList.h */,
				9DB05D1A22C51B1700D1B574 /* ReverseList.m */,
			);
			path = "算法";
			sourceTree = "<group>";
		};
		9DBE575E22BE2A1500B68329 /* C语言基础-Runtime */ = {
			isa = PBXGroup;
			children = (
				9DBE575F22BE2A5600B68329 /* CLanguageBaseContentVC.h */,
				9DBE576022BE2A5600B68329 /* CLanguageBaseContentVC.mm */,
			);
			path = "C语言基础-Runtime";
			sourceTree = "<group>";
		};
		9DC4C29722BF63E600C4D35F /* Runtime-慕课网 */ = {
			isa = PBXGroup;
			children = (
				9DC4C29822BF63FF00C4D35F /* RuntimeMKWVC.h */,
				9DC4C29922BF63FF00C4D35F /* RuntimeMKWVC.m */,
			);
			path = "Runtime-慕课网";
			sourceTree = "<group>";
		};
		9DF4379222BFD80500F6459B /* Two */ = {
			isa = PBXGroup;
			children = (
				9DB05D1222C5145B00D1B574 /* 算法 */,
				9D98910822C3AE2300CC595C /* 多线程 */,
				9D98910322C330C600CC595C /* Timer循环引用 */,
				9D2E4AA322C236C500DEB898 /* Runtime消息转发流程 */,
				9DA1EC1522C122C700F01F31 /* KVO */,
				9DF4379622BFDB3E00F6459B /* UITableView相关面试问题 */,
				9DF4379322BFD81A00F6459B /* TwoVC.h */,
				9DF4379422BFD81A00F6459B /* TwoVC.m */,
			);
			path = Two;
			sourceTree = "<group>";
		};
		9DF4379622BFDB3E00F6459B /* UITableView相关面试问题 */ = {
			isa = PBXGroup;
			children = (
				9DF4379722BFE11800F6459B /* IndexedBar */,
			);
			path = "UITableView相关面试问题";
			sourceTree = "<group>";
		};
		9DF4379722BFE11800F6459B /* IndexedBar */ = {
			isa = PBXGroup;
			children = (
				9DF4379D22BFE1DD00F6459B /* IndexedTableView.h */,
				9DF4379C22BFE1DD00F6459B /* IndexedTableView.m */,
				9DF4379E22BFE1DD00F6459B /* ViewReusePool.h */,
				9DF4379B22BFE1DD00F6459B /* ViewReusePool.m */,
				9DF4379822BFE12B00F6459B /* IndexedBarVC.h */,
				9DF4379922BFE12B00F6459B /* IndexedBarVC.m */,
			);
			path = IndexedBar;
			sourceTree = "<group>";
		};
		DD889062E845B1544FA841B2 /* Frameworks */ = {
			isa = PBXGroup;
			children = (
				14C54E56697E211488FC32F2 /* libPods-Laboratory.a */,
			);
			name = Frameworks;
			sourceTree = "<group>";
		};
/* End PBXGroup section */

/* Begin PBXNativeTarget section */
		04FEB84322BC7C780030FD7B /* Laboratory */ = {
			isa = PBXNativeTarget;
			buildConfigurationList = 04FEB87022BC7C7A0030FD7B /* Build configuration list for PBXNativeTarget "Laboratory" */;
			buildPhases = (
				D080F514EA994938F6E62651 /* [CP] Check Pods Manifest.lock */,
				04FEB84022BC7C780030FD7B /* Sources */,
				04FEB84122BC7C780030FD7B /* Frameworks */,
				04FEB84222BC7C780030FD7B /* Resources */,
			);
			buildRules = (
			);
			dependencies = (
			);
			name = Laboratory;
			productName = Laboratory;
			productReference = 04FEB84422BC7C780030FD7B /* Laboratory.app */;
			productType = "com.apple.product-type.application";
		};
		04FEB85B22BC7C7A0030FD7B /* LaboratoryTests */ = {
			isa = PBXNativeTarget;
			buildConfigurationList = 04FEB87322BC7C7A0030FD7B /* Build configuration list for PBXNativeTarget "LaboratoryTests" */;
			buildPhases = (
				04FEB85822BC7C7A0030FD7B /* Sources */,
				04FEB85922BC7C7A0030FD7B /* Frameworks */,
				04FEB85A22BC7C7A0030FD7B /* Resources */,
			);
			buildRules = (
			);
			dependencies = (
				04FEB85E22BC7C7A0030FD7B /* PBXTargetDependency */,
			);
			name = LaboratoryTests;
			productName = LaboratoryTests;
			productReference = 04FEB85C22BC7C7A0030FD7B /* LaboratoryTests.xctest */;
			productType = "com.apple.product-type.bundle.unit-test";
		};
		04FEB86622BC7C7A0030FD7B /* LaboratoryUITests */ = {
			isa = PBXNativeTarget;
			buildConfigurationList = 04FEB87622BC7C7A0030FD7B /* Build configuration list for PBXNativeTarget "LaboratoryUITests" */;
			buildPhases = (
				04FEB86322BC7C7A0030FD7B /* Sources */,
				04FEB86422BC7C7A0030FD7B /* Frameworks */,
				04FEB86522BC7C7A0030FD7B /* Resources */,
			);
			buildRules = (
			);
			dependencies = (
				04FEB86922BC7C7A0030FD7B /* PBXTargetDependency */,
			);
			name = LaboratoryUITests;
			productName = LaboratoryUITests;
			productReference = 04FEB86722BC7C7A0030FD7B /* LaboratoryUITests.xctest */;
			productType = "com.apple.product-type.bundle.ui-testing";
		};
/* End PBXNativeTarget section */

/* Begin PBXProject section */
		04FEB83C22BC7C780030FD7B /* Project object */ = {
			isa = PBXProject;
			attributes = {
				LastUpgradeCheck = 1020;
				ORGANIZATIONNAME = mac;
				TargetAttributes = {
					04FEB84322BC7C780030FD7B = {
						CreatedOnToolsVersion = 10.2.1;
					};
					04FEB85B22BC7C7A0030FD7B = {
						CreatedOnToolsVersion = 10.2.1;
						TestTargetID = 04FEB84322BC7C780030FD7B;
					};
					04FEB86622BC7C7A0030FD7B = {
						CreatedOnToolsVersion = 10.2.1;
						TestTargetID = 04FEB84322BC7C780030FD7B;
					};
				};
			};
			buildConfigurationList = 04FEB83F22BC7C780030FD7B /* Build configuration list for PBXProject "Laboratory" */;
			compatibilityVersion = "Xcode 9.3";
			developmentRegion = en;
			hasScannedForEncodings = 0;
			knownRegions = (
				en,
				Base,
			);
			mainGroup = 04FEB83B22BC7C780030FD7B;
			productRefGroup = 04FEB84522BC7C780030FD7B /* Products */;
			projectDirPath = "";
			projectRoot = "";
			targets = (
				04FEB84322BC7C780030FD7B /* Laboratory */,
				04FEB85B22BC7C7A0030FD7B /* LaboratoryTests */,
				04FEB86622BC7C7A0030FD7B /* LaboratoryUITests */,
			);
		};
/* End PBXProject section */

/* Begin PBXResourcesBuildPhase section */
		04FEB84222BC7C780030FD7B /* Resources */ = {
			isa = PBXResourcesBuildPhase;
			buildActionMask = 2147483647;
			files = (
				9DC4C29C22BF9D7300C4D35F /* README in Resources */,
				04FEB85422BC7C7A0030FD7B /* LaunchScreen.storyboard in Resources */,
				04FEB85122BC7C7A0030FD7B /* Assets.xcassets in Resources */,
			);
			runOnlyForDeploymentPostprocessing = 0;
		};
		04FEB85A22BC7C7A0030FD7B /* Resources */ = {
			isa = PBXResourcesBuildPhase;
			buildActionMask = 2147483647;
			files = (
			);
			runOnlyForDeploymentPostprocessing = 0;
		};
		04FEB86522BC7C7A0030FD7B /* Resources */ = {
			isa = PBXResourcesBuildPhase;
			buildActionMask = 2147483647;
			files = (
			);
			runOnlyForDeploymentPostprocessing = 0;
		};
/* End PBXResourcesBuildPhase section */

/* Begin PBXShellScriptBuildPhase section */
		D080F514EA994938F6E62651 /* [CP] Check Pods Manifest.lock */ = {
			isa = PBXShellScriptBuildPhase;
			buildActionMask = 2147483647;
			files = (
			);
			inputFileListPaths = (
			);
			inputPaths = (
				"${PODS_PODFILE_DIR_PATH}/Podfile.lock",
				"${PODS_ROOT}/Manifest.lock",
			);
			name = "[CP] Check Pods Manifest.lock";
			outputFileListPaths = (
			);
			outputPaths = (
				"$(DERIVED_FILE_DIR)/Pods-Laboratory-checkManifestLockResult.txt",
			);
			runOnlyForDeploymentPostprocessing = 0;
			shellPath = /bin/sh;
			shellScript = "diff \"${PODS_PODFILE_DIR_PATH}/Podfile.lock\" \"${PODS_ROOT}/Manifest.lock\" > /dev/null\nif [ $? != 0 ] ; then\n    # print error to STDERR\n    echo \"error: The sandbox is not in sync with the Podfile.lock. Run 'pod install' or update your CocoaPods installation.\" >&2\n    exit 1\nfi\n# This output is used by Xcode 'outputs' to avoid re-running this script phase.\necho \"SUCCESS\" > \"${SCRIPT_OUTPUT_FILE_0}\"\n";
			showEnvVarsInLog = 0;
		};
/* End PBXShellScriptBuildPhase section */

/* Begin PBXSourcesBuildPhase section */
		04FEB84022BC7C780030FD7B /* Sources */ = {
			isa = PBXSourcesBuildPhase;
			buildActionMask = 2147483647;
			files = (
				04FEB85722BC7C7A0030FD7B /* main.m in Sources */,
				9DF437A022BFE1DE00F6459B /* IndexedTableView.m in Sources */,
				9DC4C29A22BF63FF00C4D35F /* RuntimeMKWVC.m in Sources */,
				0484196822BCC8440042D8BE /* UITableViewDemoVC.m in Sources */,
				9D98910622C3313B00CC595C /* TimerCircleVC.m in Sources */,
				9DF4379F22BFE1DE00F6459B /* ViewReusePool.m in Sources */,
				04FEB88422BC8BEA0030FD7B /* OneVC.m in Sources */,
				9DA1EC1E22C122E800F01F31 /* MObserver.m in Sources */,
				9DB05D1B22C51B1700D1B574 /* ReverseList.m in Sources */,
				9DF4379A22BFE12B00F6459B /* IndexedBarVC.m in Sources */,
				9DB05D1822C5164C00D1B574 /* CharReverse.m in Sources */,
				0484195D22BC9DD10042D8BE /* InjectionIIIVC.m in Sources */,
				9DA1EC1822C122D900F01F31 /* KVODemoVC.m in Sources */,
				0484196422BCC20C0042D8BE /* MasonryVC.m in Sources */,
				04FEB88D22BC902E0030FD7B /* UISwitchVC.m in Sources */,
				9DF4379522BFD81A00F6459B /* TwoVC.m in Sources */,
				9D2E4AA622C236E100DEB898 /* RuntimeObject.m in Sources */,
				9D98910B22C3AE3B00CC595C /* MSVC.m in Sources */,
				9DB05D1522C5147900D1B574 /* AlgorithmVC.m in Sources */,
				04FEB84922BC7C780030FD7B /* AppDelegate.m in Sources */,
				9D7F430F22C619DC007D9860 /* MasonryPriorityVC.m in Sources */,
				04FEB88822BC8DCD0030FD7B /* BaseTableVC.m in Sources */,
				9D9890FE22C32BCC00CC595C /* NSTimer+FXW.m in Sources */,
				9DBE576122BE2A5600B68329 /* CLanguageBaseContentVC.mm in Sources */,
				04FEB87E22BC87F10030FD7B /* MainTabBarVC.m in Sources */,
				9DA1EC1D22C122E800F01F31 /* MObject.m in Sources */,
				0484196022BCB2340042D8BE /* BaseVC.m in Sources */,
			);
			runOnlyForDeploymentPostprocessing = 0;
		};
		04FEB85822BC7C7A0030FD7B /* Sources */ = {
			isa = PBXSourcesBuildPhase;
			buildActionMask = 2147483647;
			files = (
				04FEB86122BC7C7A0030FD7B /* LaboratoryTests.m in Sources */,
			);
			runOnlyForDeploymentPostprocessing = 0;
		};
		04FEB86322BC7C7A0030FD7B /* Sources */ = {
			isa = PBXSourcesBuildPhase;
			buildActionMask = 2147483647;
			files = (
				04FEB86C22BC7C7A0030FD7B /* LaboratoryUITests.m in Sources */,
			);
			runOnlyForDeploymentPostprocessing = 0;
		};
/* End PBXSourcesBuildPhase section */

/* Begin PBXTargetDependency section */
		04FEB85E22BC7C7A0030FD7B /* PBXTargetDependency */ = {
			isa = PBXTargetDependency;
			target = 04FEB84322BC7C780030FD7B /* Laboratory */;
			targetProxy = 04FEB85D22BC7C7A0030FD7B /* PBXContainerItemProxy */;
		};
		04FEB86922BC7C7A0030FD7B /* PBXTargetDependency */ = {
			isa = PBXTargetDependency;
			target = 04FEB84322BC7C780030FD7B /* Laboratory */;
			targetProxy = 04FEB86822BC7C7A0030FD7B /* PBXContainerItemProxy */;
		};
/* End PBXTargetDependency section */

/* Begin PBXVariantGroup section */
		04FEB85222BC7C7A0030FD7B /* LaunchScreen.storyboard */ = {
			isa = PBXVariantGroup;
			children = (
				04FEB85322BC7C7A0030FD7B /* Base */,
			);
			name = LaunchScreen.storyboard;
			sourceTree = "<group>";
		};
/* End PBXVariantGroup section */

/* Begin XCBuildConfiguration section */
		04FEB86E22BC7C7A0030FD7B /* Debug */ = {
			isa = XCBuildConfiguration;
			buildSettings = {
				ALWAYS_SEARCH_USER_PATHS = NO;
				CLANG_ANALYZER_NONNULL = YES;
				CLANG_ANALYZER_NUMBER_OBJECT_CONVERSION = YES_AGGRESSIVE;
				CLANG_CXX_LANGUAGE_STANDARD = "gnu++14";
				CLANG_CXX_LIBRARY = "libc++";
				CLANG_ENABLE_MODULES = YES;
				CLANG_ENABLE_OBJC_ARC = YES;
				CLANG_ENABLE_OBJC_WEAK = YES;
				CLANG_WARN_BLOCK_CAPTURE_AUTORELEASING = YES;
				CLANG_WARN_BOOL_CONVERSION = YES;
				CLANG_WARN_COMMA = YES;
				CLANG_WARN_CONSTANT_CONVERSION = YES;
				CLANG_WARN_DEPRECATED_OBJC_IMPLEMENTATIONS = YES;
				CLANG_WARN_DIRECT_OBJC_ISA_USAGE = YES_ERROR;
				CLANG_WARN_DOCUMENTATION_COMMENTS = YES;
				CLANG_WARN_EMPTY_BODY = YES;
				CLANG_WARN_ENUM_CONVERSION = YES;
				CLANG_WARN_INFINITE_RECURSION = YES;
				CLANG_WARN_INT_CONVERSION = YES;
				CLANG_WARN_NON_LITERAL_NULL_CONVERSION = YES;
				CLANG_WARN_OBJC_IMPLICIT_RETAIN_SELF = YES;
				CLANG_WARN_OBJC_LITERAL_CONVERSION = YES;
				CLANG_WARN_OBJC_ROOT_CLASS = YES_ERROR;
				CLANG_WARN_RANGE_LOOP_ANALYSIS = YES;
				CLANG_WARN_STRICT_PROTOTYPES = YES;
				CLANG_WARN_SUSPICIOUS_MOVE = YES;
				CLANG_WARN_UNGUARDED_AVAILABILITY = YES_AGGRESSIVE;
				CLANG_WARN_UNREACHABLE_CODE = YES;
				CLANG_WARN__DUPLICATE_METHOD_MATCH = YES;
				CODE_SIGN_IDENTITY = "iPhone Developer";
				COPY_PHASE_STRIP = NO;
				DEBUG_INFORMATION_FORMAT = dwarf;
				ENABLE_STRICT_OBJC_MSGSEND = YES;
				ENABLE_TESTABILITY = YES;
				GCC_C_LANGUAGE_STANDARD = gnu11;
				GCC_DYNAMIC_NO_PIC = NO;
				GCC_NO_COMMON_BLOCKS = YES;
				GCC_OPTIMIZATION_LEVEL = 0;
				GCC_PREPROCESSOR_DEFINITIONS = (
					"DEBUG=1",
					"$(inherited)",
				);
				GCC_WARN_64_TO_32_BIT_CONVERSION = YES;
				GCC_WARN_ABOUT_RETURN_TYPE = YES_ERROR;
				GCC_WARN_UNDECLARED_SELECTOR = YES;
				GCC_WARN_UNINITIALIZED_AUTOS = YES_AGGRESSIVE;
				GCC_WARN_UNUSED_FUNCTION = YES;
				GCC_WARN_UNUSED_VARIABLE = YES;
				IPHONEOS_DEPLOYMENT_TARGET = 12.2;
				MTL_ENABLE_DEBUG_INFO = INCLUDE_SOURCE;
				MTL_FAST_MATH = YES;
				ONLY_ACTIVE_ARCH = YES;
				SDKROOT = iphoneos;
			};
			name = Debug;
		};
		04FEB86F22BC7C7A0030FD7B /* Release */ = {
			isa = XCBuildConfiguration;
			buildSettings = {
				ALWAYS_SEARCH_USER_PATHS = NO;
				CLANG_ANALYZER_NONNULL = YES;
				CLANG_ANALYZER_NUMBER_OBJECT_CONVERSION = YES_AGGRESSIVE;
				CLANG_CXX_LANGUAGE_STANDARD = "gnu++14";
				CLANG_CXX_LIBRARY = "libc++";
				CLANG_ENABLE_MODULES = YES;
				CLANG_ENABLE_OBJC_ARC = YES;
				CLANG_ENABLE_OBJC_WEAK = YES;
				CLANG_WARN_BLOCK_CAPTURE_AUTORELEASING = YES;
				CLANG_WARN_BOOL_CONVERSION = YES;
				CLANG_WARN_COMMA = YES;
				CLANG_WARN_CONSTANT_CONVERSION = YES;
				CLANG_WARN_DEPRECATED_OBJC_IMPLEMENTATIONS = YES;
				CLANG_WARN_DIRECT_OBJC_ISA_USAGE = YES_ERROR;
				CLANG_WARN_DOCUMENTATION_COMMENTS = YES;
				CLANG_WARN_EMPTY_BODY = YES;
				CLANG_WARN_ENUM_CONVERSION = YES;
				CLANG_WARN_INFINITE_RECURSION = YES;
				CLANG_WARN_INT_CONVERSION = YES;
				CLANG_WARN_NON_LITERAL_NULL_CONVERSION = YES;
				CLANG_WARN_OBJC_IMPLICIT_RETAIN_SELF = YES;
				CLANG_WARN_OBJC_LITERAL_CONVERSION = YES;
				CLANG_WARN_OBJC_ROOT_CLASS = YES_ERROR;
				CLANG_WARN_RANGE_LOOP_ANALYSIS = YES;
				CLANG_WARN_STRICT_PROTOTYPES = YES;
				CLANG_WARN_SUSPICIOUS_MOVE = YES;
				CLANG_WARN_UNGUARDED_AVAILABILITY = YES_AGGRESSIVE;
				CLANG_WARN_UNREACHABLE_CODE = YES;
				CLANG_WARN__DUPLICATE_METHOD_MATCH = YES;
				CODE_SIGN_IDENTITY = "iPhone Developer";
				COPY_PHASE_STRIP = NO;
				DEBUG_INFORMATION_FORMAT = "dwarf-with-dsym";
				ENABLE_NS_ASSERTIONS = NO;
				ENABLE_STRICT_OBJC_MSGSEND = YES;
				GCC_C_LANGUAGE_STANDARD = gnu11;
				GCC_NO_COMMON_BLOCKS = YES;
				GCC_WARN_64_TO_32_BIT_CONVERSION = YES;
				GCC_WARN_ABOUT_RETURN_TYPE = YES_ERROR;
				GCC_WARN_UNDECLARED_SELECTOR = YES;
				GCC_WARN_UNINITIALIZED_AUTOS = YES_AGGRESSIVE;
				GCC_WARN_UNUSED_FUNCTION = YES;
				GCC_WARN_UNUSED_VARIABLE = YES;
				IPHONEOS_DEPLOYMENT_TARGET = 12.2;
				MTL_ENABLE_DEBUG_INFO = NO;
				MTL_FAST_MATH = YES;
				SDKROOT = iphoneos;
				VALIDATE_PRODUCT = YES;
			};
			name = Release;
		};
		04FEB87122BC7C7A0030FD7B /* Debug */ = {
			isa = XCBuildConfiguration;
			baseConfigurationReference = C05A8566ACF6875C00950D1A /* Pods-Laboratory.debug.xcconfig */;
			buildSettings = {
				ASSETCATALOG_COMPILER_APPICON_NAME = AppIcon;
				CODE_SIGN_STYLE = Manual;
				DEVELOPMENT_TEAM = "";
				GCC_PRECOMPILE_PREFIX_HEADER = YES;
				GCC_PREFIX_HEADER = "$(SRCROOT)/Laboratory/Classes/Other/PrefixHeader.pch";
				INFOPLIST_FILE = Laboratory/Info.plist;
				IPHONEOS_DEPLOYMENT_TARGET = 9.0;
				LD_RUNPATH_SEARCH_PATHS = (
					"$(inherited)",
					"@executable_path/Frameworks",
				);
				PRODUCT_BUNDLE_IDENTIFIER = com.kenshin.Laboratory.Laboratory;
				PRODUCT_NAME = "$(TARGET_NAME)";
				PROVISIONING_PROFILE_SPECIFIER = "";
				TARGETED_DEVICE_FAMILY = "1,2";
			};
			name = Debug;
		};
		04FEB87222BC7C7A0030FD7B /* Release */ = {
			isa = XCBuildConfiguration;
			baseConfigurationReference = 712CC02C133EBDCA1F933881 /* Pods-Laboratory.release.xcconfig */;
			buildSettings = {
				ASSETCATALOG_COMPILER_APPICON_NAME = AppIcon;
				CODE_SIGN_STYLE = Manual;
				DEVELOPMENT_TEAM = "";
				GCC_PRECOMPILE_PREFIX_HEADER = YES;
				GCC_PREFIX_HEADER = "$(SRCROOT)/Laboratory/Classes/Other/PrefixHeader.pch";
				INFOPLIST_FILE = Laboratory/Info.plist;
				IPHONEOS_DEPLOYMENT_TARGET = 9.0;
				LD_RUNPATH_SEARCH_PATHS = (
					"$(inherited)",
					"@executable_path/Frameworks",
				);
				PRODUCT_BUNDLE_IDENTIFIER = com.kenshin.Laboratory.Laboratory;
				PRODUCT_NAME = "$(TARGET_NAME)";
				PROVISIONING_PROFILE_SPECIFIER = "";
				TARGETED_DEVICE_FAMILY = "1,2";
			};
			name = Release;
		};
		04FEB87422BC7C7A0030FD7B /* Debug */ = {
			isa = XCBuildConfiguration;
			buildSettings = {
				BUNDLE_LOADER = "$(TEST_HOST)";
				CODE_SIGN_STYLE = Manual;
				DEVELOPMENT_TEAM = "";
				INFOPLIST_FILE = LaboratoryTests/Info.plist;
				LD_RUNPATH_SEARCH_PATHS = (
					"$(inherited)",
					"@executable_path/Frameworks",
					"@loader_path/Frameworks",
				);
				PRODUCT_BUNDLE_IDENTIFIER = com.kenshin.Laboratory.LaboratoryTests;
				PRODUCT_NAME = "$(TARGET_NAME)";
				PROVISIONING_PROFILE_SPECIFIER = "";
				TARGETED_DEVICE_FAMILY = "1,2";
				TEST_HOST = "$(BUILT_PRODUCTS_DIR)/Laboratory.app/Laboratory";
			};
			name = Debug;
		};
		04FEB87522BC7C7A0030FD7B /* Release */ = {
			isa = XCBuildConfiguration;
			buildSettings = {
				BUNDLE_LOADER = "$(TEST_HOST)";
				CODE_SIGN_STYLE = Manual;
				DEVELOPMENT_TEAM = "";
				INFOPLIST_FILE = LaboratoryTests/Info.plist;
				LD_RUNPATH_SEARCH_PATHS = (
					"$(inherited)",
					"@executable_path/Frameworks",
					"@loader_path/Frameworks",
				);
				PRODUCT_BUNDLE_IDENTIFIER = com.kenshin.Laboratory.LaboratoryTests;
				PRODUCT_NAME = "$(TARGET_NAME)";
				PROVISIONING_PROFILE_SPECIFIER = "";
				TARGETED_DEVICE_FAMILY = "1,2";
				TEST_HOST = "$(BUILT_PRODUCTS_DIR)/Laboratory.app/Laboratory";
			};
			name = Release;
		};
		04FEB87722BC7C7A0030FD7B /* Debug */ = {
			isa = XCBuildConfiguration;
			buildSettings = {
				CODE_SIGN_STYLE = Manual;
				DEVELOPMENT_TEAM = "";
				INFOPLIST_FILE = LaboratoryUITests/Info.plist;
				LD_RUNPATH_SEARCH_PATHS = (
					"$(inherited)",
					"@executable_path/Frameworks",
					"@loader_path/Frameworks",
				);
				PRODUCT_BUNDLE_IDENTIFIER = com.kenshin.Laboratory.LaboratoryUITests;
				PRODUCT_NAME = "$(TARGET_NAME)";
				PROVISIONING_PROFILE_SPECIFIER = "";
				TARGETED_DEVICE_FAMILY = "1,2";
				TEST_TARGET_NAME = Laboratory;
			};
			name = Debug;
		};
		04FEB87822BC7C7A0030FD7B /* Release */ = {
			isa = XCBuildConfiguration;
			buildSettings = {
				CODE_SIGN_STYLE = Manual;
				DEVELOPMENT_TEAM = "";
				INFOPLIST_FILE = LaboratoryUITests/Info.plist;
				LD_RUNPATH_SEARCH_PATHS = (
					"$(inherited)",
					"@executable_path/Frameworks",
					"@loader_path/Frameworks",
				);
				PRODUCT_BUNDLE_IDENTIFIER = com.kenshin.Laboratory.LaboratoryUITests;
				PRODUCT_NAME = "$(TARGET_NAME)";
				PROVISIONING_PROFILE_SPECIFIER = "";
				TARGETED_DEVICE_FAMILY = "1,2";
				TEST_TARGET_NAME = Laboratory;
			};
			name = Release;
		};
/* End XCBuildConfiguration section */

/* Begin XCConfigurationList section */
		04FEB83F22BC7C780030FD7B /* Build configuration list for PBXProject "Laboratory" */ = {
			isa = XCConfigurationList;
			buildConfigurations = (
				04FEB86E22BC7C7A0030FD7B /* Debug */,
				04FEB86F22BC7C7A0030FD7B /* Release */,
			);
			defaultConfigurationIsVisible = 0;
			defaultConfigurationName = Release;
		};
		04FEB87022BC7C7A0030FD7B /* Build configuration list for PBXNativeTarget "Laboratory" */ = {
			isa = XCConfigurationList;
			buildConfigurations = (
				04FEB87122BC7C7A0030FD7B /* Debug */,
				04FEB87222BC7C7A0030FD7B /* Release */,
			);
			defaultConfigurationIsVisible = 0;
			defaultConfigurationName = Release;
		};
		04FEB87322BC7C7A0030FD7B /* Build configuration list for PBXNativeTarget "LaboratoryTests" */ = {
			isa = XCConfigurationList;
			buildConfigurations = (
				04FEB87422BC7C7A0030FD7B /* Debug */,
				04FEB87522BC7C7A0030FD7B /* Release */,
			);
			defaultConfigurationIsVisible = 0;
			defaultConfigurationName = Release;
		};
		04FEB87622BC7C7A0030FD7B /* Build configuration list for PBXNativeTarget "LaboratoryUITests" */ = {
			isa = XCConfigurationList;
			buildConfigurations = (
				04FEB87722BC7C7A0030FD7B /* Debug */,
				04FEB87822BC7C7A0030FD7B /* Release */,
			);
			defaultConfigurationIsVisible = 0;
			defaultConfigurationName = Release;
		};
/* End XCConfigurationList section */
	};
	rootObject = 04FEB83C22BC7C780030FD7B /* Project object */;
}
